
Microsoft Visual Studio Solution File, Format Version 12.00
# Visual Studio Version 16
VisualStudioVersion = 16.0.33328.57
MinimumVisualStudioVersion = 10.0.40219.1
Project("{FAE04EC0-301F-11D3-BF4B-00C04F79EFBC}") = "Restaurant", "Restaurant3\Restaurant.csproj", "{E8893735-E021-4745-AB8A-78EFA4D16CE3}"
EndProject
Project("{9A19103F-16F7-4668-BE54-9A1E7A4F7556}") = "Automation", "Automation\Automation.csproj", "{20F342F1-2D1C-42CF-89E8-F54FA3233960}"
EndProject
Global
	GlobalSection(SolutionConfigurationPlatforms) = preSolution
		Debug|Any CPU = Debug|Any CPU
		Release|Any CPU = Release|Any CPU
	EndGlobalSection
	GlobalSection(ProjectConfigurationPlatforms) = postSolution
		{E8893735-E021-4745-AB8A-78EFA4D16CE3}.Debug|Any CPU.ActiveCfg = Debug|Any CPU
		{E8893735-E021-4745-AB8A-78EFA4D16CE3}.Debug|Any CPU.Build.0 = Debug|Any CPU
		{E8893735-E021-4745-AB8A-78EFA4D16CE3}.Release|Any CPU.ActiveCfg = Release|Any CPU
		{E8893735-E021-4745-AB8A-78EFA4D16CE3}.Release|Any CPU.Build.0 = Release|Any CPU
		{20F342F1-2D1C-42CF-89E8-F54FA3233960}.Debug|Any CPU.ActiveCfg = Debug|Any CPU
		{20F342F1-2D1C-42CF-89E8-F54FA3233960}.Debug|Any CPU.Build.0 = Debug|Any CPU
		{20F342F1-2D1C-42CF-89E8-F54FA3233960}.Release|Any CPU.ActiveCfg = Release|Any CPU
		{20F342F1-2D1C-42CF-89E8-F54FA3233960}.Release|Any CPU.Build.0 = Release|Any CPU
	EndGlobalSection
	GlobalSection(SolutionProperties) = preSolution
		HideSolutionNode = FALSE
	EndGlobalSection
	GlobalSection(ExtensibilityGlobals) = postSolution
		SolutionGuid = {1E7D3232-5347-4D64-8101-19DF9BAF7401}
	EndGlobalSection
EndGlobal
